// !$*UTF8*$!
{
	archiveVersion = 1;
	classes = {
	};
	objectVersion = 46;
	objects = {

/* Begin PBXBuildFile section */
		9AA7B4E4CB2B09310E3250DA /* Pods_HDPodBMKSDK.framework in Frameworks */ = {isa = PBXBuildFile; fileRef = BC026D7B05D3D540FB61FB1A /* Pods_HDPodBMKSDK.framework */; };
		D907A4561EBA31E100976C7F /* HDPodBMKSDK.h in Headers */ = {isa = PBXBuildFile; fileRef = D907A4541EBA31E100976C7F /* HDPodBMKSDK.h */; settings = {ATTRIBUTES = (Public, ); }; };
		D907A45E1EBA320A00976C7F /* HDBMKPodViewController.h in Headers */ = {isa = PBXBuildFile; fileRef = D907A45C1EBA320A00976C7F /* HDBMKPodViewController.h */; settings = {ATTRIBUTES = (Public, ); }; };
		D907A45F1EBA320A00976C7F /* HDBMKPodViewController.m in Sources */ = {isa = PBXBuildFile; fileRef = D907A45D1EBA320A00976C7F /* HDBMKPodViewController.m */; };
		D9B3AC4A1EBB7D810020A519 /* HDPodBMKSDK.podspec in Resources */ = {isa = PBXBuildFile; fileRef = D9B3AC491EBB7D810020A519 /* HDPodBMKSDK.podspec */; };
/* End PBXBuildFile section */

/* Begin PBXFileReference section */
		18489B1356BC32289B63C512 /* Pods-HDPodBMKSDK.debug.xcconfig */ = {isa = PBXFileReference; includeInIndex = 1; lastKnownFileType = text.xcconfig; name = "Pods-HDPodBMKSDK.debug.xcconfig"; path = "Pods/Target Support Files/Pods-HDPodBMKSDK/Pods-HDPodBMKSDK.debug.xcconfig"; sourceTree = "<group>"; };
		BC026D7B05D3D540FB61FB1A /* Pods_HDPodBMKSDK.framework */ = {isa = PBXFileReference; explicitFileType = wrapper.framework; includeInIndex = 0; path = Pods_HDPodBMKSDK.framework; sourceTree = BUILT_PRODUCTS_DIR; };
		D907A4511EBA31E100976C7F /* HDPodBMKSDK.framework */ = {isa = PBXFileReference; explicitFileType = wrapper.framework; includeInIndex = 0; path = HDPodBMKSDK.framework; sourceTree = BUILT_PRODUCTS_DIR; };
		D907A4541EBA31E100976C7F /* HDPodBMKSDK.h */ = {isa = PBXFileReference; lastKnownFileType = sourcecode.c.h; path = HDPodBMKSDK.h; sourceTree = "<group>"; };
		D907A4551EBA31E100976C7F /* Info.plist */ = {isa = PBXFileReference; lastKnownFileType = text.plist.xml; path = Info.plist; sourceTree = "<group>"; };
		D907A45C1EBA320A00976C7F /* HDBMKPodViewController.h */ = {isa = PBXFileReference; fileEncoding = 4; lastKnownFileType = sourcecode.c.h; path = HDBMKPodViewController.h; sourceTree = "<group>"; };
		D907A45D1EBA320A00976C7F /* HDBMKPodViewController.m */ = {isa = PBXFileReference; fileEncoding = 4; lastKnownFileType = sourcecode.c.objc; path = HDBMKPodViewController.m; sourceTree = "<group>"; };
		D9B3AC491EBB7D810020A519 /* HDPodBMKSDK.podspec */ = {isa = PBXFileReference; explicitFileType = text.script.ruby; fileEncoding = 4; path = HDPodBMKSDK.podspec; sourceTree = SOURCE_ROOT; };
		F51934E10D1ADCBF679CDCD1 /* Pods-HDPodBMKSDK.release.xcconfig */ = {isa = PBXFileReference; includeInIndex = 1; lastKnownFileType = text.xcconfig; name = "Pods-HDPodBMKSDK.release.xcconfig"; path = "Pods/Target Support Files/Pods-HDPodBMKSDK/Pods-HDPodBMKSDK.release.xcconfig"; sourceTree = "<group>"; };
/* End PBXFileReference section */

/* Begin PBXFrameworksBuildPhase section */
		D907A44D1EBA31E100976C7F /* Frameworks */ = {
			isa = PBXFrameworksBuildPhase;
			buildActionMask = 2147483647;
			files = (
				9AA7B4E4CB2B09310E3250DA /* Pods_HDPodBMKSDK.framework in Frameworks */,
			);
			runOnlyForDeploymentPostprocessing = 0;
		};
/* End PBXFrameworksBuildPhase section */

/* Begin PBXGroup section */
		269034C6DBFDD58EC7F6454A /* Frameworks */ = {
			isa = PBXGroup;
			children = (
				BC026D7B05D3D540FB61FB1A /* Pods_HDPodBMKSDK.framework */,
			);
			name = Frameworks;
			sourceTree = "<group>";
		};
		661F3E81EA03C697DA881286 /* Pods */ = {
			isa = PBXGroup;
			children = (
				18489B1356BC32289B63C512 /* Pods-HDPodBMKSDK.debug.xcconfig */,
				F51934E10D1ADCBF679CDCD1 /* Pods-HDPodBMKSDK.release.xcconfig */,
			);
			name = Pods;
			sourceTree = "<group>";
		};
		D907A4471EBA31E100976C7F = {
			isa = PBXGroup;
			children = (
				D907A4531EBA31E100976C7F /* HDPodBMKSDK */,
				D907A4521EBA31E100976C7F /* Products */,
				661F3E81EA03C697DA881286 /* Pods */,
				269034C6DBFDD58EC7F6454A /* Frameworks */,
			);
			sourceTree = "<group>";
		};
		D907A4521EBA31E100976C7F /* Products */ = {
			isa = PBXGroup;
			children = (
				D907A4511EBA31E100976C7F /* HDPodBMKSDK.framework */,
			);
			name = Products;
			sourceTree = "<group>";
		};
		D907A4531EBA31E100976C7F /* HDPodBMKSDK */ = {
			isa = PBXGroup;
			children = (
				D9B3AC491EBB7D810020A519 /* HDPodBMKSDK.podspec */,
				D907A4541EBA31E100976C7F /* HDPodBMKSDK.h */,
				D907A4551EBA31E100976C7F /* Info.plist */,
				D907A45C1EBA320A00976C7F /* HDBMKPodViewController.h */,
				D907A45D1EBA320A00976C7F /* HDBMKPodViewController.m */,
			);
			path = HDPodBMKSDK;
			sourceTree = "<group>";
		};
/* End PBXGroup section */

/* Begin PBXHeadersBuildPhase section */
		D907A44E1EBA31E100976C7F /* Headers */ = {
			isa = PBXHeadersBuildPhase;
			buildActionMask = 2147483647;
			files = (
				D907A45E1EBA320A00976C7F /* HDBMKPodViewController.h in Headers */,
				D907A4561EBA31E100976C7F /* HDPodBMKSDK.h in Headers */,
			);
			runOnlyForDeploymentPostprocessing = 0;
		};
/* End PBXHeadersBuildPhase section */

/* Begin PBXNativeTarget section */
		D907A4501EBA31E100976C7F /* HDPodBMKSDK */ = {
			isa = PBXNativeTarget;
			buildConfigurationList = D907A4591EBA31E100976C7F /* Build configuration list for PBXNativeTarget "HDPodBMKSDK" */;
			buildPhases = (
				5B061377A134DB68B23410F4 /* [CP] Check Pods Manifest.lock */,
				D907A44C1EBA31E100976C7F /* Sources */,
				D907A44D1EBA31E100976C7F /* Frameworks */,
				D907A44E1EBA31E100976C7F /* Headers */,
				D907A44F1EBA31E100976C7F /* Resources */,
				9AF3F37A925733C3C292F88A /* [CP] Copy Pods Resources */,
			);
			buildRules = (
			);
			dependencies = (
			);
			name = HDPodBMKSDK;
			productName = HDPodBMKSDK;
			productReference = D907A4511EBA31E100976C7F /* HDPodBMKSDK.framework */;
			productType = "com.apple.product-type.framework";
		};
/* End PBXNativeTarget section */

/* Begin PBXProject section */
		D907A4481EBA31E100976C7F /* Project object */ = {
			isa = PBXProject;
			attributes = {
				LastUpgradeCheck = 0830;
				ORGANIZATIONNAME = "邓立兵";
				TargetAttributes = {
					D907A4501EBA31E100976C7F = {
						CreatedOnToolsVersion = 8.3.1;
						ProvisioningStyle = Automatic;
					};
				};
			};
			buildConfigurationList = D907A44B1EBA31E100976C7F /* Build configuration list for PBXProject "HDPodBMKSDK" */;
			compatibilityVersion = "Xcode 3.2";
			developmentRegion = English;
			hasScannedForEncodings = 0;
			knownRegions = (
				en,
			);
			mainGroup = D907A4471EBA31E100976C7F;
			productRefGroup = D907A4521EBA31E100976C7F /* Products */;
			projectDirPath = "";
			projectRoot = "";
			targets = (
				D907A4501EBA31E100976C7F /* HDPodBMKSDK */,
			);
		};
/* End PBXProject section */

/* Begin PBXResourcesBuildPhase section */
		D907A44F1EBA31E100976C7F /* Resources */ = {
			isa = PBXResourcesBuildPhase;
			buildActionMask = 2147483647;
			files = (
				D9B3AC4A1EBB7D810020A519 /* HDPodBMKSDK.podspec in Resources */,
			);
			runOnlyForDeploymentPostprocessing = 0;
		};
/* End PBXResourcesBuildPhase section */

/* Begin PBXShellScriptBuildPhase section */
		5B061377A134DB68B23410F4 /* [CP] Check Pods Manifest.lock */ = {
			isa = PBXShellScriptBuildPhase;
			buildActionMask = 2147483647;
			files = (
			);
			inputPaths = (
			);
			name = "[CP] Check Pods Manifest.lock";
			outputPaths = (
			);
			runOnlyForDeploymentPostprocessing = 0;
			shellPath = /bin/sh;
			shellScript = "diff \"${PODS_ROOT}/../Podfile.lock\" \"${PODS_ROOT}/Manifest.lock\" > /dev/null\nif [ $? != 0 ] ; then\n    # print error to STDERR\n    echo \"error: The sandbox is not in sync with the Podfile.lock. Run 'pod install' or update your CocoaPods installation.\" >&2\n    exit 1\nfi\n";
			showEnvVarsInLog = 0;
		};
		9AF3F37A925733C3C292F88A /* [CP] Copy Pods Resources */ = {
			isa = PBXShellScriptBuildPhase;
			buildActionMask = 2147483647;
			files = (
			);
			inputPaths = (
			);
			name = "[CP] Copy Pods Resources";
			outputPaths = (
			);
			runOnlyForDeploymentPostprocessing = 0;
			shellPath = /bin/sh;
			shellScript = "\"${SRCROOT}/Pods/Target Support Files/Pods-HDPodBMKSDK/Pods-HDPodBMKSDK-resources.sh\"\n";
			showEnvVarsInLog = 0;
		};
/* End PBXShellScriptBuildPhase section */

/* Begin PBXSourcesBuildPhase section */
		D907A44C1EBA31E100976C7F /* Sources */ = {
			isa = PBXSourcesBuildPhase;
			buildActionMask = 2147483647;
			files = (
				D907A45F1EBA320A00976C7F /* HDBMKPodViewController.m in Sources */,
			);
			runOnlyForDeploymentPostprocessing = 0;
		};
/* End PBXSourcesBuildPhase section */

/* Begin XCBuildConfiguration section */
		D907A4571EBA31E100976C7F /* Debug */ = {
			isa = XCBuildConfiguration;
			buildSettings = {
				ALWAYS_SEARCH_USER_PATHS = NO;
				CLANG_ANALYZER_NONNULL = YES;
				CLANG_ANALYZER_NUMBER_OBJECT_CONVERSION = YES_AGGRESSIVE;
				CLANG_CXX_LANGUAGE_STANDARD = "gnu++0x";
				CLANG_CXX_LIBRARY = "libc++";
				CLANG_ENABLE_MODULES = YES;
				CLANG_ENABLE_OBJC_ARC = YES;
				CLANG_WARN_BOOL_CONVERSION = YES;
				CLANG_WARN_CONSTANT_CONVERSION = YES;
				CLANG_WARN_DIRECT_OBJC_ISA_USAGE = YES_ERROR;
				CLANG_WARN_DOCUMENTATION_COMMENTS = YES;
				CLANG_WARN_EMPTY_BODY = YES;
				CLANG_WARN_ENUM_CONVERSION = YES;
				CLANG_WARN_INFINITE_RECURSION = YES;
				CLANG_WARN_INT_CONVERSION = YES;
				CLANG_WARN_OBJC_ROOT_CLASS = YES_ERROR;
				CLANG_WARN_SUSPICIOUS_MOVE = YES;
				CLANG_WARN_UNREACHABLE_CODE = YES;
				CLANG_WARN__DUPLICATE_METHOD_MATCH = YES;
				"CODE_SIGN_IDENTITY[sdk=iphoneos*]" = "iPhone Developer";
				COPY_PHASE_STRIP = NO;
				CURRENT_PROJECT_VERSION = 1;
				DEBUG_INFORMATION_FORMAT = dwarf;
				ENABLE_STRICT_OBJC_MSGSEND = YES;
				ENABLE_TESTABILITY = YES;
				GCC_C_LANGUAGE_STANDARD = gnu99;
				GCC_DYNAMIC_NO_PIC = NO;
				GCC_NO_COMMON_BLOCKS = YES;
				GCC_OPTIMIZATION_LEVEL = 0;
				GCC_PREPROCESSOR_DEFINITIONS = (
					"DEBUG=1",
					"$(inherited)",
				);
				GCC_WARN_64_TO_32_BIT_CONVERSION = YES;
				GCC_WARN_ABOUT_RETURN_TYPE = YES_ERROR;
				GCC_WARN_UNDECLARED_SELECTOR = YES;
				GCC_WARN_UNINITIALIZED_AUTOS = YES_AGGRESSIVE;
				GCC_WARN_UNUSED_FUNCTION = YES;
				GCC_WARN_UNUSED_VARIABLE = YES;
				IPHONEOS_DEPLOYMENT_TARGET = 10.3;
				MTL_ENABLE_DEBUG_INFO = YES;
				ONLY_ACTIVE_ARCH = YES;
				SDKROOT = iphoneos;
				TARGETED_DEVICE_FAMILY = "1,2";
				VERSIONING_SYSTEM = "apple-generic";
				VERSION_INFO_PREFIX = "";
			};
			name = Debug;
		};
		D907A4581EBA31E100976C7F /* Release */ = {
			isa = XCBuildConfiguration;
			buildSettings = {
				ALWAYS_SEARCH_USER_PATHS = NO;
				CLANG_ANALYZER_NONNULL = YES;
				CLANG_ANALYZER_NUMBER_OBJECT_CONVERSION = YES_AGGRESSIVE;
				CLANG_CXX_LANGUAGE_STANDARD = "gnu++0x";
				CLANG_CXX_LIBRARY = "libc++";
				CLANG_ENABLE_MODULES = YES;
				CLANG_ENABLE_OBJC_ARC = YES;
				CLANG_WARN_BOOL_CONVERSION = YES;
				CLANG_WARN_CONSTANT_CONVERSION = YES;
				CLANG_WARN_DIRECT_OBJC_ISA_USAGE = YES_ERROR;
				CLANG_WARN_DOCUMENTATION_COMMENTS = YES;
				CLANG_WARN_EMPTY_BODY = YES;
				CLANG_WARN_ENUM_CONVERSION = YES;
				CLANG_WARN_INFINITE_RECURSION = YES;
				CLANG_WARN_INT_CONVERSION = YES;
				CLANG_WARN_OBJC_ROOT_CLASS = YES_ERROR;
				CLANG_WARN_SUSPICIOUS_MOVE = YES;
				CLANG_WARN_UNREACHABLE_CODE = YES;
				CLANG_WARN__DUPLICATE_METHOD_MATCH = YES;
				"CODE_SIGN_IDENTITY[sdk=iphoneos*]" = "iPhone Developer";
				COPY_PHASE_STRIP = NO;
				CURRENT_PROJECT_VERSION = 1;
				DEBUG_INFORMATION_FORMAT = "dwarf-with-dsym";
				ENABLE_NS_ASSERTIONS = NO;
				ENABLE_STRICT_OBJC_MSGSEND = YES;
				GCC_C_LANGUAGE_STANDARD = gnu99;
				GCC_NO_COMMON_BLOCKS = YES;
				GCC_WARN_64_TO_32_BIT_CONVERSION = YES;
				GCC_WARN_ABOUT_RETURN_TYPE = YES_ERROR;
				GCC_WARN_UNDECLARED_SELECTOR = YES;
				GCC_WARN_UNINITIALIZED_AUTOS = YES_AGGRESSIVE;
				GCC_WARN_UNUSED_FUNCTION = YES;
				GCC_WARN_UNUSED_VARIABLE = YES;
				IPHONEOS_DEPLOYMENT_TARGET = 10.3;
				MTL_ENABLE_DEBUG_INFO = NO;
				SDKROOT = iphoneos;
				TARGETED_DEVICE_FAMILY = "1,2";
				VALIDATE_PRODUCT = YES;
				VERSIONING_SYSTEM = "apple-generic";
				VERSION_INFO_PREFIX = "";
			};
			name = Release;
		};
		D907A45A1EBA31E100976C7F /* Debug */ = {
			isa = XCBuildConfiguration;
			baseConfigurationReference = 18489B1356BC32289B63C512 /* Pods-HDPodBMKSDK.debug.xcconfig */;
			buildSettings = {
				CODE_SIGN_IDENTITY = "";
				DEFINES_MODULE = YES;
				DEVELOPMENT_TEAM = "";
				DYLIB_COMPATIBILITY_VERSION = 1;
				DYLIB_CURRENT_VERSION = 1;
				DYLIB_INSTALL_NAME_BASE = "@rpath";
				INFOPLIST_FILE = HDPodBMKSDK/Info.plist;
				INSTALL_PATH = "$(LOCAL_LIBRARY_DIR)/Frameworks";
				LD_RUNPATH_SEARCH_PATHS = "$(inherited) @executable_path/Frameworks @loader_path/Frameworks";
				PRODUCT_BUNDLE_IDENTIFIER = com.harry.HDPodBMKSDK;
				PRODUCT_NAME = "$(TARGET_NAME)";
				SKIP_INSTALL = YES;
			};
			name = Debug;
		};
		D907A45B1EBA31E100976C7F /* Release */ = {
			isa = XCBuildConfiguration;
			baseConfigurationReference = F51934E10D1ADCBF679CDCD1 /* Pods-HDPodBMKSDK.release.xcconfig */;
			buildSettings = {
				CODE_SIGN_IDENTITY = "";
				DEFINES_MODULE = YES;
				DEVELOPMENT_TEAM = "";
				DYLIB_COMPATIBILITY_VERSION = 1;
				DYLIB_CURRENT_VERSION = 1;
				DYLIB_INSTALL_NAME_BASE = "@rpath";
				INFOPLIST_FILE = HDPodBMKSDK/Info.plist;
				INSTALL_PATH = "$(LOCAL_LIBRARY_DIR)/Frameworks";
				LD_RUNPATH_SEARCH_PATHS = "$(inherited) @executable_path/Frameworks @loader_path/Frameworks";
				PRODUCT_BUNDLE_IDENTIFIER = com.harry.HDPodBMKSDK;
				PRODUCT_NAME = "$(TARGET_NAME)";
				SKIP_INSTALL = YES;
			};
			name = Release;
		};
/* End XCBuildConfiguration section */

/* Begin XCConfigurationList section */
		D907A44B1EBA31E100976C7F /* Build configuration list for PBXProject "HDPodBMKSDK" */ = {
			isa = XCConfigurationList;
			buildConfigurations = (
				D907A4571EBA31E100976C7F /* Debug */,
				D907A4581EBA31E100976C7F /* Release */,
			);
			defaultConfigurationIsVisible = 0;
			defaultConfigurationName = Release;
		};
		D907A4591EBA31E100976C7F /* Build configuration list for PBXNativeTarget "HDPodBMKSDK" */ = {
			isa = XCConfigurationList;
			buildConfigurations = (
				D907A45A1EBA31E100976C7F /* Debug */,
				D907A45B1EBA31E100976C7F /* Release */,
			);
			defaultConfigurationIsVisible = 0;
			defaultConfigurationName = Release;
		};
/* End XCConfigurationList section */
	};
	rootObject = D907A4481EBA31E100976C7F /* Project object */;
}
